# This file is autogenerated, do not edit; changes may be undone by the next 'dep ensure'.


[[projects]]
  branch = "master"
  name = "howett.net/plist"
  packages = ["."]
  revision = "84d08b7bddb35583bb3153b811c6cc52bb306f52"

[solve-meta]
  analyzer-name = "dep"
  analyzer-version = 1
  inputs-digest = "085009fc7178863ff6ddc3cde7d84249aee1508445462ad262b27f6705b59945"
  solver-name = "gps-cdcl"
  solver-version = 1
